// !$*UTF8*$!
{
	archiveVersion = 1;
	classes = {
	};
	objectVersion = 46;
	objects = {

/* Begin PBXBuildFile section */
		BCE1F3C81CAE50F400AD37D3 /* main.m in Sources */ = {isa = PBXBuildFile; fileRef = BCE1F3C71CAE50F400AD37D3 /* main.m */; };
		BCE1F3CB1CAE50F400AD37D3 /* AppDelegate.m in Sources */ = {isa = PBXBuildFile; fileRef = BCE1F3CA1CAE50F400AD37D3 /* AppDelegate.m */; };
		BCE1F3CE1CAE50F400AD37D3 /* GitDemo.xcdatamodeld in Sources */ = {isa = PBXBuildFile; fileRef = BCE1F3CC1CAE50F400AD37D3 /* GitDemo.xcdatamodeld */; };
		BCE1F3D11CAE50F400AD37D3 /* ViewController.m in Sources */ = {isa = PBXBuildFile; fileRef = BCE1F3D01CAE50F400AD37D3 /* ViewController.m */; };
		BCE1F3D41CAE50F400AD37D3 /* Main.storyboard in Resources */ = {isa = PBXBuildFile; fileRef = BCE1F3D21CAE50F400AD37D3 /* Main.storyboard */; };
		BCE1F3D61CAE50F400AD37D3 /* Images.xcassets in Resources */ = {isa = PBXBuildFile; fileRef = BCE1F3D51CAE50F400AD37D3 /* Images.xcassets */; };
		BCE1F3D91CAE50F400AD37D3 /* LaunchScreen.xib in Resources */ = {isa = PBXBuildFile; fileRef = BCE1F3D71CAE50F400AD37D3 /* LaunchScreen.xib */; };
		BCE1F3E51CAE50F400AD37D3 /* GitDemoTests.m in Sources */ = {isa = PBXBuildFile; fileRef = BCE1F3E41CAE50F400AD37D3 /* GitDemoTests.m */; };
		BCE1F3F31CAE562D00AD37D3 /* person.m in Sources */ = {isa = PBXBuildFile; fileRef = BCE1F3F21CAE562D00AD37D3 /* person.m */; };
/* End PBXBuildFile section */

/* Begin PBXContainerItemProxy section */
		BCE1F3DF1CAE50F400AD37D3 /* PBXContainerItemProxy */ = {
			isa = PBXContainerItemProxy;
			containerPortal = BCE1F3BA1CAE50F400AD37D3 /* Project object */;
			proxyType = 1;
			remoteGlobalIDString = BCE1F3C11CAE50F400AD37D3;
			remoteInfo = GitDemo;
		};
/* End PBXContainerItemProxy section */

/* Begin PBXFileReference section */
		BCE1F3C21CAE50F400AD37D3 /* GitDemo.app */ = {isa = PBXFileReference; explicitFileType = wrapper.application; includeInIndex = 0; path = GitDemo.app; sourceTree = BUILT_PRODUCTS_DIR; };
		BCE1F3C61CAE50F400AD37D3 /* Info.plist */ = {isa = PBXFileReference; lastKnownFileType = text.plist.xml; path = Info.plist; sourceTree = "<group>"; };
		BCE1F3C71CAE50F400AD37D3 /* main.m */ = {isa = PBXFileReference; lastKnownFileType = sourcecode.c.objc; path = main.m; sourceTree = "<group>"; };
		BCE1F3C91CAE50F400AD37D3 /* AppDelegate.h */ = {isa = PBXFileReference; lastKnownFileType = sourcecode.c.h; path = AppDelegate.h; sourceTree = "<group>"; };
		BCE1F3CA1CAE50F400AD37D3 /* AppDelegate.m */ = {isa = PBXFileReference; lastKnownFileType = sourcecode.c.objc; path = AppDelegate.m; sourceTree = "<group>"; };
		BCE1F3CD1CAE50F400AD37D3 /* GitDemo.xcdatamodel */ = {isa = PBXFileReference; lastKnownFileType = wrapper.xcdatamodel; path = GitDemo.xcdatamodel; sourceTree = "<group>"; };
		BCE1F3CF1CAE50F400AD37D3 /* ViewController.h */ = {isa = PBXFileReference; lastKnownFileType = sourcecode.c.h; path = ViewController.h; sourceTree = "<group>"; };
		BCE1F3D01CAE50F400AD37D3 /* ViewController.m */ = {isa = PBXFileReference; lastKnownFileType = sourcecode.c.objc; path = ViewController.m; sourceTree = "<group>"; };
		BCE1F3D31CAE50F400AD37D3 /* Base */ = {isa = PBXFileReference; lastKnownFileType = file.storyboard; name = Base; path = Base.lproj/Main.storyboard; sourceTree = "<group>"; };
		BCE1F3D51CAE50F400AD37D3 /* Images.xcassets */ = {isa = PBXFileReference; lastKnownFileType = folder.assetcatalog; path = Images.xcassets; sourceTree = "<group>"; };
		BCE1F3D81CAE50F400AD37D3 /* Base */ = {isa = PBXFileReference; lastKnownFileType = file.xib; name = Base; path = Base.lproj/LaunchScreen.xib; sourceTree = "<group>"; };
		BCE1F3DE1CAE50F400AD37D3 /* GitDemoTests.xctest */ = {isa = PBXFileReference; explicitFileType = wrapper.cfbundle; includeInIndex = 0; path = GitDemoTests.xctest; sourceTree = BUILT_PRODUCTS_DIR; };
		BCE1F3E31CAE50F400AD37D3 /* Info.plist */ = {isa = PBXFileReference; lastKnownFileType = text.plist.xml; path = Info.plist; sourceTree = "<group>"; };
		BCE1F3E41CAE50F400AD37D3 /* GitDemoTests.m */ = {isa = PBXFileReference; lastKnownFileType = sourcecode.c.objc; path = GitDemoTests.m; sourceTree = "<group>"; };
		BCE1F3F11CAE562D00AD37D3 /* person.h */ = {isa = PBXFileReference; fileEncoding = 4; lastKnownFileType = sourcecode.c.h; path = person.h; sourceTree = "<group>"; };
		BCE1F3F21CAE562D00AD37D3 /* person.m */ = {isa = PBXFileReference; fileEncoding = 4; lastKnownFileType = sourcecode.c.objc; path = person.m; sourceTree = "<group>"; };
/* End PBXFileReference section */

/* Begin PBXFrameworksBuildPhase section */
		BCE1F3BF1CAE50F400AD37D3 /* Frameworks */ = {
			isa = PBXFrameworksBuildPhase;
			buildActionMask = 2147483647;
			files = (
			);
			runOnlyForDeploymentPostprocessing = 0;
		};
		BCE1F3DB1CAE50F400AD37D3 /* Frameworks */ = {
			isa = PBXFrameworksBuildPhase;
			buildActionMask = 2147483647;
			files = (
			);
			runOnlyForDeploymentPostprocessing = 0;
		};
/* End PBXFrameworksBuildPhase section */

/* Begin PBXGroup section */
		BCE1F3B91CAE50F400AD37D3 = {
			isa = PBXGroup;
			children = (
				BCE1F3C41CAE50F400AD37D3 /* GitDemo */,
				BCE1F3E11CAE50F400AD37D3 /* GitDemoTests */,
				BCE1F3C31CAE50F400AD37D3 /* Products */,
			);
			sourceTree = "<group>";
		};
		BCE1F3C31CAE50F400AD37D3 /* Products */ = {
			isa = PBXGroup;
			children = (
				BCE1F3C21CAE50F400AD37D3 /* GitDemo.app */,
				BCE1F3DE1CAE50F400AD37D3 /* GitDemoTests.xctest */,
			);
			name = Products;
			sourceTree = "<group>";
		};
		BCE1F3C41CAE50F400AD37D3 /* GitDemo */ = {
			isa = PBXGroup;
			children = (
				BCE1F3C91CAE50F400AD37D3 /* AppDelegate.h */,
				BCE1F3CA1CAE50F400AD37D3 /* AppDelegate.m */,
				BCE1F3CF1CAE50F400AD37D3 /* ViewController.h */,
				BCE1F3D01CAE50F400AD37D3 /* ViewController.m */,
				BCE1F3D21CAE50F400AD37D3 /* Main.storyboard */,
				BCE1F3D51CAE50F400AD37D3 /* Images.xcassets */,
				BCE1F3D71CAE50F400AD37D3 /* LaunchScreen.xib */,
				BCE1F3CC1CAE50F400AD37D3 /* GitDemo.xcdatamodeld */,
				BCE1F3C51CAE50F400AD37D3 /* Supporting Files */,
				BCE1F3F11CAE562D00AD37D3 /* person.h */,
				BCE1F3F21CAE562D00AD37D3 /* person.m */,
			);
			path = GitDemo;
			sourceTree = "<group>";
		};
		BCE1F3C51CAE50F400AD37D3 /* Supporting Files */ = {
			isa = PBXGroup;
			children = (
				BCE1F3C61CAE50F400AD37D3 /* Info.plist */,
				BCE1F3C71CAE50F400AD37D3 /* main.m */,
			);
			name = "Supporting Files";
			sourceTree = "<group>";
		};
		BCE1F3E11CAE50F400AD37D3 /* GitDemoTests */ = {
			isa = PBXGroup;
			children = (
				BCE1F3E41CAE50F400AD37D3 /* GitDemoTests.m */,
				BCE1F3E21CAE50F400AD37D3 /* Supporting Files */,
			);
			path = GitDemoTests;
			sourceTree = "<group>";
		};
		BCE1F3E21CAE50F400AD37D3 /* Supporting Files */ = {
			isa = PBXGroup;
			children = (
				BCE1F3E31CAE50F400AD37D3 /* Info.plist */,
			);
			name = "Supporting Files";
			sourceTree = "<group>";
		};
/* End PBXGroup section */

/* Begin PBXNativeTarget section */
		BCE1F3C11CAE50F400AD37D3 /* GitDemo */ = {
			isa = PBXNativeTarget;
			buildConfigurationList = BCE1F3E81CAE50F400AD37D3 /* Build configuration list for PBXNativeTarget "GitDemo" */;
			buildPhases = (
				BCE1F3BE1CAE50F400AD37D3 /* Sources */,
				BCE1F3BF1CAE50F400AD37D3 /* Frameworks */,
				BCE1F3C01CAE50F400AD37D3 /* Resources */,
			);
			buildRules = (
			);
			dependencies = (
			);
			name = GitDemo;
			productName = GitDemo;
			productReference = BCE1F3C21CAE50F400AD37D3 /* GitDemo.app */;
			productType = "com.apple.product-type.application";
		};
		BCE1F3DD1CAE50F400AD37D3 /* GitDemoTests */ = {
			isa = PBXNativeTarget;
			buildConfigurationList = BCE1F3EB1CAE50F400AD37D3 /* Build configuration list for PBXNativeTarget "GitDemoTests" */;
			buildPhases = (
				BCE1F3DA1CAE50F400AD37D3 /* Sources */,
				BCE1F3DB1CAE50F400AD37D3 /* Frameworks */,
				BCE1F3DC1CAE50F400AD37D3 /* Resources */,
			);
			buildRules = (
			);
			dependencies = (
				BCE1F3E01CAE50F400AD37D3 /* PBXTargetDependency */,
			);
			name = GitDemoTests;
			productName = GitDemoTests;
			productReference = BCE1F3DE1CAE50F400AD37D3 /* GitDemoTests.xctest */;
			productType = "com.apple.product-type.bundle.unit-test";
		};
/* End PBXNativeTarget section */

/* Begin PBXProject section */
		BCE1F3BA1CAE50F400AD37D3 /* Project object */ = {
			isa = PBXProject;
			attributes = {
				LastUpgradeCheck = 0640;
				ORGANIZATIONNAME = "李天亚";
				TargetAttributes = {
					BCE1F3C11CAE50F400AD37D3 = {
						CreatedOnToolsVersion = 6.4;
					};
					BCE1F3DD1CAE50F400AD37D3 = {
						CreatedOnToolsVersion = 6.4;
						TestTargetID = BCE1F3C11CAE50F400AD37D3;
					};
				};
			};
			buildConfigurationList = BCE1F3BD1CAE50F400AD37D3 /* Build configuration list for PBXProject "GitDemo" */;
			compatibilityVersion = "Xcode 3.2";
			developmentRegion = English;
			hasScannedForEncodings = 0;
			knownRegions = (
				en,
				Base,
			);
			mainGroup = BCE1F3B91CAE50F400AD37D3;
			productRefGroup = BCE1F3C31CAE50F400AD37D3 /* Products */;
			projectDirPath = "";
			projectRoot = "";
			targets = (
				BCE1F3C11CAE50F400AD37D3 /* GitDemo */,
				BCE1F3DD1CAE50F400AD37D3 /* GitDemoTests */,
			);
		};
/* End PBXProject section */

/* Begin PBXResourcesBuildPhase section */
		BCE1F3C01CAE50F400AD37D3 /* Resources */ = {
			isa = PBXResourcesBuildPhase;
			buildActionMask = 2147483647;
			files = (
				BCE1F3D41CAE50F400AD37D3 /* Main.storyboard in Resources */,
				BCE1F3D91CAE50F400AD37D3 /* LaunchScreen.xib in Resources */,
				BCE1F3D61CAE50F400AD37D3 /* Images.xcassets in Resources */,
			);
			runOnlyForDeploymentPostprocessing = 0;
		};
		BCE1F3DC1CAE50F400AD37D3 /* Resources */ = {
			isa = PBXResourcesBuildPhase;
			buildActionMask = 2147483647;
			files = (
			);
			runOnlyForDeploymentPostprocessing = 0;
		};
/* End PBXResourcesBuildPhase section */

/* Begin PBXSourcesBuildPhase section */
		BCE1F3BE1CAE50F400AD37D3 /* Sources */ = {
			isa = PBXSourcesBuildPhase;
			buildActionMask = 2147483647;
			files = (
				BCE1F3CB1CAE50F400AD37D3 /* AppDelegate.m in Sources */,
				BCE1F3F31CAE562D00AD37D3 /* person.m in Sources */,
				BCE1F3CE1CAE50F400AD37D3 /* GitDemo.xcdatamodeld in Sources */,
				BCE1F3D11CAE50F400AD37D3 /* ViewController.m in Sources */,
				BCE1F3C81CAE50F400AD37D3 /* main.m in Sources */,
			);
			runOnlyForDeploymentPostprocessing = 0;
		};
		BCE1F3DA1CAE50F400AD37D3 /* Sources */ = {
			isa = PBXSourcesBuildPhase;
			buildActionMask = 2147483647;
			files = (
				BCE1F3E51CAE50F400AD37D3 /* GitDemoTests.m in Sources */,
			);
			runOnlyForDeploymentPostprocessing = 0;
		};
/* End PBXSourcesBuildPhase section */

/* Begin PBXTargetDependency section */
		BCE1F3E01CAE50F400AD37D3 /* PBXTargetDependency */ = {
			isa = PBXTargetDependency;
			target = BCE1F3C11CAE50F400AD37D3 /* GitDemo */;
			targetProxy = BCE1F3DF1CAE50F400AD37D3 /* PBXContainerItemProxy */;
		};
/* End PBXTargetDependency section */

/* Begin PBXVariantGroup section */
		BCE1F3D21CAE50F400AD37D3 /* Main.storyboard */ = {
			isa = PBXVariantGroup;
			children = (
				BCE1F3D31CAE50F400AD37D3 /* Base */,
			);
			name = Main.storyboard;
			sourceTree = "<group>";
		};
		BCE1F3D71CAE50F400AD37D3 /* LaunchScreen.xib */ = {
			isa = PBXVariantGroup;
			children = (
				BCE1F3D81CAE50F400AD37D3 /* Base */,
			);
			name = LaunchScreen.xib;
			sourceTree = "<group>";
		};
/* End PBXVariantGroup section */

/* Begin XCBuildConfiguration section */
		BCE1F3E61CAE50F400AD37D3 /* Debug */ = {
			isa = XCBuildConfiguration;
			buildSettings = {
				ALWAYS_SEARCH_USER_PATHS = NO;
				CLANG_CXX_LANGUAGE_STANDARD = "gnu++0x";
				CLANG_CXX_LIBRARY = "libc++";
				CLANG_ENABLE_MODULES = YES;
				CLANG_ENABLE_OBJC_ARC = YES;
				CLANG_WARN_BOOL_CONVERSION = YES;
				CLANG_WARN_CONSTANT_CONVERSION = YES;
				CLANG_WARN_DIRECT_OBJC_ISA_USAGE = YES_ERROR;
				CLANG_WARN_EMPTY_BODY = YES;
				CLANG_WARN_ENUM_CONVERSION = YES;
				CLANG_WARN_INT_CONVERSION = YES;
				CLANG_WARN_OBJC_ROOT_CLASS = YES_ERROR;
				CLANG_WARN_UNREACHABLE_CODE = YES;
				CLANG_WARN__DUPLICATE_METHOD_MATCH = YES;
				"CODE_SIGN_IDENTITY[sdk=iphoneos*]" = "iPhone Developer";
				COPY_PHASE_STRIP = NO;
				DEBUG_INFORMATION_FORMAT = "dwarf-with-dsym";
				ENABLE_STRICT_OBJC_MSGSEND = YES;
				GCC_C_LANGUAGE_STANDARD = gnu99;
				GCC_DYNAMIC_NO_PIC = NO;
				GCC_NO_COMMON_BLOCKS = YES;
				GCC_OPTIMIZATION_LEVEL = 0;
				GCC_PREPROCESSOR_DEFINITIONS = (
					"DEBUG=1",
					"$(inherited)",
				);
				GCC_SYMBOLS_PRIVATE_EXTERN = NO;
				GCC_WARN_64_TO_32_BIT_CONVERSION = YES;
				GCC_WARN_ABOUT_RETURN_TYPE = YES_ERROR;
				GCC_WARN_UNDECLARED_SELECTOR = YES;
				GCC_WARN_UNINITIALIZED_AUTOS = YES_AGGRESSIVE;
				GCC_WARN_UNUSED_FUNCTION = YES;
				GCC_WARN_UNUSED_VARIABLE = YES;
				IPHONEOS_DEPLOYMENT_TARGET = 8.4;
				MTL_ENABLE_DEBUG_INFO = YES;
				ONLY_ACTIVE_ARCH = YES;
				SDKROOT = iphoneos;
			};
			name = Debug;
		};
		BCE1F3E71CAE50F400AD37D3 /* Release */ = {
			isa = XCBuildConfiguration;
			buildSettings = {
				ALWAYS_SEARCH_USER_PATHS = NO;
				CLANG_CXX_LANGUAGE_STANDARD = "gnu++0x";
				CLANG_CXX_LIBRARY = "libc++";
				CLANG_ENABLE_MODULES = YES;
				CLANG_ENABLE_OBJC_ARC = YES;
				CLANG_WARN_BOOL_CONVERSION = YES;
				CLANG_WARN_CONSTANT_CONVERSION = YES;
				CLANG_WARN_DIRECT_OBJC_ISA_USAGE = YES_ERROR;
				CLANG_WARN_EMPTY_BODY = YES;
				CLANG_WARN_ENUM_CONVERSION = YES;
				CLANG_WARN_INT_CONVERSION = YES;
				CLANG_WARN_OBJC_ROOT_CLASS = YES_ERROR;
				CLANG_WARN_UNREACHABLE_CODE = YES;
				CLANG_WARN__DUPLICATE_METHOD_MATCH = YES;
				"CODE_SIGN_IDENTITY[sdk=iphoneos*]" = "iPhone Developer";
				COPY_PHASE_STRIP = NO;
				DEBUG_INFORMATION_FORMAT = "dwarf-with-dsym";
				ENABLE_NS_ASSERTIONS = NO;
				ENABLE_STRICT_OBJC_MSGSEND = YES;
				GCC_C_LANGUAGE_STANDARD = gnu99;
				GCC_NO_COMMON_BLOCKS = YES;
				GCC_WARN_64_TO_32_BIT_CONVERSION = YES;
				GCC_WARN_ABOUT_RETURN_TYPE = YES_ERROR;
				GCC_WARN_UNDECLARED_SELECTOR = YES;
				GCC_WARN_UNINITIALIZED_AUTOS = YES_AGGRESSIVE;
				GCC_WARN_UNUSED_FUNCTION = YES;
				GCC_WARN_UNUSED_VARIABLE = YES;
				IPHONEOS_DEPLOYMENT_TARGET = 8.4;
				MTL_ENABLE_DEBUG_INFO = NO;
				SDKROOT = iphoneos;
				VALIDATE_PRODUCT = YES;
			};
			name = Release;
		};
		BCE1F3E91CAE50F400AD37D3 /* Debug */ = {
			isa = XCBuildConfiguration;
			buildSettings = {
				ASSETCATALOG_COMPILER_APPICON_NAME = AppIcon;
				INFOPLIST_FILE = GitDemo/Info.plist;
				LD_RUNPATH_SEARCH_PATHS = "$(inherited) @executable_path/Frameworks";
				PRODUCT_NAME = "$(TARGET_NAME)";
			};
			name = Debug;
		};
		BCE1F3EA1CAE50F400AD37D3 /* Release */ = {
			isa = XCBuildConfiguration;
			buildSettings = {
				ASSETCATALOG_COMPILER_APPICON_NAME = AppIcon;
				INFOPLIST_FILE = GitDemo/Info.plist;
				LD_RUNPATH_SEARCH_PATHS = "$(inherited) @executable_path/Frameworks";
				PRODUCT_NAME = "$(TARGET_NAME)";
			};
			name = Release;
		};
		BCE1F3EC1CAE50F400AD37D3 /* Debug */ = {
			isa = XCBuildConfiguration;
			buildSettings = {
				BUNDLE_LOADER = "$(TEST_HOST)";
				FRAMEWORK_SEARCH_PATHS = (
					"$(SDKROOT)/Developer/Library/Frameworks",
					"$(inherited)",
				);
				GCC_PREPROCESSOR_DEFINITIONS = (
					"DEBUG=1",
					"$(inherited)",
				);
				INFOPLIST_FILE = GitDemoTests/Info.plist;
				LD_RUNPATH_SEARCH_PATHS = "$(inherited) @executable_path/Frameworks @loader_path/Frameworks";
				PRODUCT_NAME = "$(TARGET_NAME)";
				TEST_HOST = "$(BUILT_PRODUCTS_DIR)/GitDemo.app/GitDemo";
			};
			name = Debug;
		};
		BCE1F3ED1CAE50F400AD37D3 /* Release */ = {
			isa = XCBuildConfiguration;
			buildSettings = {
				BUNDLE_LOADER = "$(TEST_HOST)";
				FRAMEWORK_SEARCH_PATHS = (
					"$(SDKROOT)/Developer/Library/Frameworks",
					"$(inherited)",
				);
				INFOPLIST_FILE = GitDemoTests/Info.plist;
				LD_RUNPATH_SEARCH_PATHS = "$(inherited) @executable_path/Frameworks @loader_path/Frameworks";
				PRODUCT_NAME = "$(TARGET_NAME)";
				TEST_HOST = "$(BUILT_PRODUCTS_DIR)/GitDemo.app/GitDemo";
			};
			name = Release;
		};
/* End XCBuildConfiguration section */

/* Begin XCConfigurationList section */
		BCE1F3BD1CAE50F400AD37D3 /* Build configuration list for PBXProject "GitDemo" */ = {
			isa = XCConfigurationList;
			buildConfigurations = (
				BCE1F3E61CAE50F400AD37D3 /* Debug */,
				BCE1F3E71CAE50F400AD37D3 /* Release */,
			);
			defaultConfigurationIsVisible = 0;
			defaultConfigurationName = Release;
		};
		BCE1F3E81CAE50F400AD37D3 /* Build configuration list for PBXNativeTarget "GitDemo" */ = {
			isa = XCConfigurationList;
			buildConfigurations = (
				BCE1F3E91CAE50F400AD37D3 /* Debug */,
				BCE1F3EA1CAE50F400AD37D3 /* Release */,
			);
			defaultConfigurationIsVisible = 0;
		};
		BCE1F3EB1CAE50F400AD37D3 /* Build configuration list for PBXNativeTarget "GitDemoTests" */ = {
			isa = XCConfigurationList;
			buildConfigurations = (
				BCE1F3EC1CAE50F400AD37D3 /* Debug */,
				BCE1F3ED1CAE50F400AD37D3 /* Release */,
			);
			defaultConfigurationIsVisible = 0;
		};
/* End XCConfigurationList section */

/* Begin XCVersionGroup section */
		BCE1F3CC1CAE50F400AD37D3 /* GitDemo.xcdatamodeld */ = {
			isa = XCVersionGroup;
			children = (
				BCE1F3CD1CAE50F400AD37D3 /* GitDemo.xcdatamodel */,
			);
			currentVersion = BCE1F3CD1CAE50F400AD37D3 /* GitDemo.xcdatamodel */;
			path = GitDemo.xcdatamodeld;
			sourceTree = "<group>";
			versionGroupType = wrapper.xcdatamodel;
		};
/* End XCVersionGroup section */
	};
	rootObject = BCE1F3BA1CAE50F400AD37D3 /* Project object */;
}
